
Microsoft Visual Studio Solution File, Format Version 12.00
# Visual Studio Version 17
VisualStudioVersion = 17.0.31903.59
MinimumVisualStudioVersion = 10.0.40219.1
Project("{FAE04EC0-301F-11D3-BF4B-00C04F79EFBC}") = "HW-2C", "HW-2C\HW-2C.csproj", "{9C5391CA-7AA0-424E-BB65-A8036F321AE3}"
EndProject
Global
	GlobalSection(SolutionConfigurationPlatforms) = preSolution
		Debug|Any CPU = Debug|Any CPU
		Release|Any CPU = Release|Any CPU
	EndGlobalSection
	GlobalSection(SolutionProperties) = preSolution
		HideSolutionNode = FALSE
	EndGlobalSection
	GlobalSection(ProjectConfigurationPlatforms) = postSolution
		{9C5391CA-7AA0-424E-BB65-A8036F321AE3}.Debug|Any CPU.ActiveCfg = Debug|Any CPU
		{9C5391CA-7AA0-424E-BB65-A8036F321AE3}.Debug|Any CPU.Build.0 = Debug|Any CPU
		{9C5391CA-7AA0-424E-BB65-A8036F321AE3}.Release|Any CPU.ActiveCfg = Release|Any CPU
		{9C5391CA-7AA0-424E-BB65-A8036F321AE3}.Release|Any CPU.Build.0 = Release|Any CPU
	EndGlobalSection
EndGlobal
